
Microsoft Visual Studio Solution File, Format Version 12.00
# Visual Studio Version 17
VisualStudioVersion = 17.12.35527.113
MinimumVisualStudioVersion = 10.0.40219.1
Project("{FAE04EC0-301F-11D3-BF4B-00C04F79EFBC}") = "Models", "Models\Models.csproj", "{C5768B21-4D0E-4622-819D-5115FF69363A}"
EndProject
Project("{FAE04EC0-301F-11D3-BF4B-00C04F79EFBC}") = "Tests", "Tests\Tests.csproj", "{4B1D92FD-6864-477E-891B-9908C33FD9EE}"
EndProject
Project("{FAE04EC0-301F-11D3-BF4B-00C04F79EFBC}") = "SmartRigWeb", "SmartRigWeb\SmartRigWeb.csproj", "{635B44A1-0D7C-4357-84FB-87DE66069E93}"
EndProject
Project("{FAE04EC0-301F-11D3-BF4B-00C04F79EFBC}") = "ApiClient", "ApiClient\ApiClient.csproj", "{92A81923-630A-45AB-B6BA-793930052932}"
EndProject
Project("{FAE04EC0-301F-11D3-BF4B-00C04F79EFBC}") = "WebAppSmartRig", "WebSmartRig\WebAppSmartRig.csproj", "{5FE727BE-809F-46A1-AE55-DB40C752E62F}"
EndProject
Project("{FAE04EC0-301F-11D3-BF4B-00C04F79EFBC}") = "SmartRigWPF", "SmartRigWPF\SmartRigWPF.csproj", "{B3E48ABB-1AC7-4457-B732-5778BEFC21B0}"
EndProject
Global
	GlobalSection(SolutionConfigurationPlatforms) = preSolution
		Debug|Any CPU = Debug|Any CPU
		Release|Any CPU = Release|Any CPU
	EndGlobalSection
	GlobalSection(ProjectConfigurationPlatforms) = postSolution
		{C5768B21-4D0E-4622-819D-5115FF69363A}.Debug|Any CPU.ActiveCfg = Debug|Any CPU
		{C5768B21-4D0E-4622-819D-5115FF69363A}.Debug|Any CPU.Build.0 = Debug|Any CPU
		{C5768B21-4D0E-4622-819D-5115FF69363A}.Release|Any CPU.ActiveCfg = Release|Any CPU
		{C5768B21-4D0E-4622-819D-5115FF69363A}.Release|Any CPU.Build.0 = Release|Any CPU
		{4B1D92FD-6864-477E-891B-9908C33FD9EE}.Debug|Any CPU.ActiveCfg = Debug|Any CPU
		{4B1D92FD-6864-477E-891B-9908C33FD9EE}.Debug|Any CPU.Build.0 = Debug|Any CPU
		{4B1D92FD-6864-477E-891B-9908C33FD9EE}.Release|Any CPU.ActiveCfg = Release|Any CPU
		{4B1D92FD-6864-477E-891B-9908C33FD9EE}.Release|Any CPU.Build.0 = Release|Any CPU
		{635B44A1-0D7C-4357-84FB-87DE66069E93}.Debug|Any CPU.ActiveCfg = Debug|Any CPU
		{635B44A1-0D7C-4357-84FB-87DE66069E93}.Debug|Any CPU.Build.0 = Debug|Any CPU
		{635B44A1-0D7C-4357-84FB-87DE66069E93}.Release|Any CPU.ActiveCfg = Release|Any CPU
		{635B44A1-0D7C-4357-84FB-87DE66069E93}.Release|Any CPU.Build.0 = Release|Any CPU
		{92A81923-630A-45AB-B6BA-793930052932}.Debug|Any CPU.ActiveCfg = Debug|Any CPU
		{92A81923-630A-45AB-B6BA-793930052932}.Debug|Any CPU.Build.0 = Debug|Any CPU
		{92A81923-630A-45AB-B6BA-793930052932}.Release|Any CPU.ActiveCfg = Release|Any CPU
		{92A81923-630A-45AB-B6BA-793930052932}.Release|Any CPU.Build.0 = Release|Any CPU
		{5FE727BE-809F-46A1-AE55-DB40C752E62F}.Debug|Any CPU.ActiveCfg = Debug|Any CPU
		{5FE727BE-809F-46A1-AE55-DB40C752E62F}.Debug|Any CPU.Build.0 = Debug|Any CPU
		{5FE727BE-809F-46A1-AE55-DB40C752E62F}.Release|Any CPU.ActiveCfg = Release|Any CPU
		{5FE727BE-809F-46A1-AE55-DB40C752E62F}.Release|Any CPU.Build.0 = Release|Any CPU
		{B3E48ABB-1AC7-4457-B732-5778BEFC21B0}.Debug|Any CPU.ActiveCfg = Debug|Any CPU
		{B3E48ABB-1AC7-4457-B732-5778BEFC21B0}.Debug|Any CPU.Build.0 = Debug|Any CPU
		{B3E48ABB-1AC7-4457-B732-5778BEFC21B0}.Release|Any CPU.ActiveCfg = Release|Any CPU
		{B3E48ABB-1AC7-4457-B732-5778BEFC21B0}.Release|Any CPU.Build.0 = Release|Any CPU
	EndGlobalSection
	GlobalSection(SolutionProperties) = preSolution
		HideSolutionNode = FALSE
	EndGlobalSection
EndGlobal
